
Microsoft Visual Studio Solution File, Format Version 12.00
# Visual Studio Version 16
VisualStudioVersion = 25.0.1703.5
MinimumVisualStudioVersion = 10.0.40219.1
Project("{FAE04EC0-301F-11D3-BF4B-00C04F79EFBC}") = "AnimesAPI", "AnimesAPI\AnimesAPI.csproj", "{290B1121-B01C-4F6E-B5B0-B37AB4EE91D1}"
EndProject
Global
	GlobalSection(SolutionConfigurationPlatforms) = preSolution
		Debug|Any CPU = Debug|Any CPU
		Release|Any CPU = Release|Any CPU
	EndGlobalSection
	GlobalSection(ProjectConfigurationPlatforms) = postSolution
		{290B1121-B01C-4F6E-B5B0-B37AB4EE91D1}.Debug|Any CPU.ActiveCfg = Debug|Any CPU
		{290B1121-B01C-4F6E-B5B0-B37AB4EE91D1}.Debug|Any CPU.Build.0 = Debug|Any CPU
		{290B1121-B01C-4F6E-B5B0-B37AB4EE91D1}.Release|Any CPU.ActiveCfg = Release|Any CPU
		{290B1121-B01C-4F6E-B5B0-B37AB4EE91D1}.Release|Any CPU.Build.0 = Release|Any CPU
	EndGlobalSection
	GlobalSection(SolutionProperties) = preSolution
		HideSolutionNode = FALSE
	EndGlobalSection
	GlobalSection(ExtensibilityGlobals) = postSolution
		SolutionGuid = {F9D52473-FC0D-47DF-BF11-6252E0558C64}
	EndGlobalSection
EndGlobal
